
Microsoft Visual Studio Solution File, Format Version 12.00
# Visual Studio Version 16
VisualStudioVersion = 16.0.30611.23
MinimumVisualStudioVersion = 10.0.40219.1
Project("{FAE04EC0-301F-11D3-BF4B-00C04F79EFBC}") = "ajandek sql", "ajandek sql\ajandek sql.csproj", "{84A2E76E-7DEF-40C1-85F4-50C8E1F1A379}"
EndProject
Global
	GlobalSection(SolutionConfigurationPlatforms) = preSolution
		Debug|Any CPU = Debug|Any CPU
		Release|Any CPU = Release|Any CPU
	EndGlobalSection
	GlobalSection(ProjectConfigurationPlatforms) = postSolution
		{84A2E76E-7DEF-40C1-85F4-50C8E1F1A379}.Debug|Any CPU.ActiveCfg = Debug|Any CPU
		{84A2E76E-7DEF-40C1-85F4-50C8E1F1A379}.Debug|Any CPU.Build.0 = Debug|Any CPU
		{84A2E76E-7DEF-40C1-85F4-50C8E1F1A379}.Release|Any CPU.ActiveCfg = Release|Any CPU
		{84A2E76E-7DEF-40C1-85F4-50C8E1F1A379}.Release|Any CPU.Build.0 = Release|Any CPU
	EndGlobalSection
	GlobalSection(SolutionProperties) = preSolution
		HideSolutionNode = FALSE
	EndGlobalSection
	GlobalSection(ExtensibilityGlobals) = postSolution
		SolutionGuid = {0A5EF178-6EB1-44B0-95DC-8BDF54465060}
	EndGlobalSection
EndGlobal
